
Microsoft Visual Studio Solution File, Format Version 12.00
# Visual Studio Version 17
VisualStudioVersion = 17.9.34728.123
MinimumVisualStudioVersion = 10.0.40219.1
Project("{FAE04EC0-301F-11D3-BF4B-00C04F79EFBC}") = "PiZZda", "PiZZda\PiZZda.csproj", "{608BA74E-345D-4CF4-BF3B-AC51E3208913}"
EndProject
Global
	GlobalSection(SolutionConfigurationPlatforms) = preSolution
		Debug|Any CPU = Debug|Any CPU
		Release|Any CPU = Release|Any CPU
	EndGlobalSection
	GlobalSection(ProjectConfigurationPlatforms) = postSolution
		{608BA74E-345D-4CF4-BF3B-AC51E3208913}.Debug|Any CPU.ActiveCfg = Debug|Any CPU
		{608BA74E-345D-4CF4-BF3B-AC51E3208913}.Debug|Any CPU.Build.0 = Debug|Any CPU
		{608BA74E-345D-4CF4-BF3B-AC51E3208913}.Release|Any CPU.ActiveCfg = Release|Any CPU
		{608BA74E-345D-4CF4-BF3B-AC51E3208913}.Release|Any CPU.Build.0 = Release|Any CPU
	EndGlobalSection
	GlobalSection(SolutionProperties) = preSolution
		HideSolutionNode = FALSE
	EndGlobalSection
	GlobalSection(ExtensibilityGlobals) = postSolution
		SolutionGuid = {A5DE176B-0430-4BF1-909B-E307B276301F}
	EndGlobalSection
EndGlobal
